
Microsoft Visual Studio Solution File, Format Version 12.00
# Visual Studio 15
VisualStudioVersion = 15.0.26730.16
MinimumVisualStudioVersion = 10.0.40219.1
Project("{FAE04EC0-301F-11D3-BF4B-00C04F79EFBC}") = "TieqViet", "TieqViet\TieqViet.csproj", "{B7EF1DEC-1EF7-49A2-B2BD-582FE20B6EDC}"
EndProject
Global
	GlobalSection(SolutionConfigurationPlatforms) = preSolution
		Debug|Any CPU = Debug|Any CPU
		Release|Any CPU = Release|Any CPU
	EndGlobalSection
	GlobalSection(ProjectConfigurationPlatforms) = postSolution
		{B7EF1DEC-1EF7-49A2-B2BD-582FE20B6EDC}.Debug|Any CPU.ActiveCfg = Debug|Any CPU
		{B7EF1DEC-1EF7-49A2-B2BD-582FE20B6EDC}.Debug|Any CPU.Build.0 = Debug|Any CPU
		{B7EF1DEC-1EF7-49A2-B2BD-582FE20B6EDC}.Release|Any CPU.ActiveCfg = Release|Any CPU
		{B7EF1DEC-1EF7-49A2-B2BD-582FE20B6EDC}.Release|Any CPU.Build.0 = Release|Any CPU
	EndGlobalSection
	GlobalSection(SolutionProperties) = preSolution
		HideSolutionNode = FALSE
	EndGlobalSection
	GlobalSection(ExtensibilityGlobals) = postSolution
		SolutionGuid = {C178B511-9B13-4BD0-BB00-2592ED3A0CF4}
	EndGlobalSection
EndGlobal
